// !$*UTF8*$!
{
	archiveVersion = 1;
	classes = {
	};
	objectVersion = 55;
	objects = {

/* Begin PBXBuildFile section */
		B52080B728D8BDA6008AFB62 /* XCTestCase+FeedImageDataLoader.swift in Sources */ = {isa = PBXBuildFile; fileRef = B52080B628D8BDA6008AFB62 /* XCTestCase+FeedImageDataLoader.swift */; };
		B52080BB28D8C738008AFB62 /* FeedImageDataLoaderCacheDecorator.swift in Sources */ = {isa = PBXBuildFile; fileRef = B52080BA28D8C738008AFB62 /* FeedImageDataLoaderCacheDecorator.swift */; };
		B54F602028D7AC9200E0560F /* FeedImageDataLoaderDecoratorTests.swift in Sources */ = {isa = PBXBuildFile; fileRef = B54F601F28D7AC9200E0560F /* FeedImageDataLoaderDecoratorTests.swift */; };
		B54F602228D7B1B400E0560F /* FeedImageLoaderSpy.swift in Sources */ = {isa = PBXBuildFile; fileRef = B54F602128D7B1B400E0560F /* FeedImageLoaderSpy.swift */; };
		B596706F28D0FAD000CFA138 /* AppDelegate.swift in Sources */ = {isa = PBXBuildFile; fileRef = B596706E28D0FAD000CFA138 /* AppDelegate.swift */; };
		B596707128D0FAD000CFA138 /* SceneDelegate.swift in Sources */ = {isa = PBXBuildFile; fileRef = B596707028D0FAD000CFA138 /* SceneDelegate.swift */; };
		B596707328D0FAD000CFA138 /* ViewController.swift in Sources */ = {isa = PBXBuildFile; fileRef = B596707228D0FAD000CFA138 /* ViewController.swift */; };
		B596707628D0FAD000CFA138 /* Main.storyboard in Resources */ = {isa = PBXBuildFile; fileRef = B596707428D0FAD000CFA138 /* Main.storyboard */; };
		B596707828D0FAD100CFA138 /* Assets.xcassets in Resources */ = {isa = PBXBuildFile; fileRef = B596707728D0FAD100CFA138 /* Assets.xcassets */; };
		B596707B28D0FAD100CFA138 /* LaunchScreen.storyboard in Resources */ = {isa = PBXBuildFile; fileRef = B596707928D0FAD100CFA138 /* LaunchScreen.storyboard */; };
		B596709228D0FBCA00CFA138 /* EssentialFeed.framework in Frameworks */ = {isa = PBXBuildFile; fileRef = B596709028D0FBCA00CFA138 /* EssentialFeed.framework */; };
		B596709328D0FBCA00CFA138 /* EssentialFeed.framework in Embed Frameworks */ = {isa = PBXBuildFile; fileRef = B596709028D0FBCA00CFA138 /* EssentialFeed.framework */; settings = {ATTRIBUTES = (CodeSignOnCopy, RemoveHeadersOnCopy, ); }; };
		B596709428D0FBCA00CFA138 /* EssentialFeediOS.framework in Frameworks */ = {isa = PBXBuildFile; fileRef = B596709128D0FBCA00CFA138 /* EssentialFeediOS.framework */; };
		B596709528D0FBCA00CFA138 /* EssentialFeediOS.framework in Embed Frameworks */ = {isa = PBXBuildFile; fileRef = B596709128D0FBCA00CFA138 /* EssentialFeediOS.framework */; settings = {ATTRIBUTES = (CodeSignOnCopy, RemoveHeadersOnCopy, ); }; };
		B5A0346F28DD96AD00A8242C /* DebuggingSceneDelegate.swift in Sources */ = {isa = PBXBuildFile; fileRef = B5A0346E28DD96AD00A8242C /* DebuggingSceneDelegate.swift */; };
		B5B0D4C328D5D200003C57FE /* FeedLoaderCacheDecoratorTests.swift in Sources */ = {isa = PBXBuildFile; fileRef = B5B0D4C228D5D200003C57FE /* FeedLoaderCacheDecoratorTests.swift */; };
		B5B0D4C528D5DA21003C57FE /* FeedLoaderStub.swift in Sources */ = {isa = PBXBuildFile; fileRef = B5B0D4C428D5DA21003C57FE /* FeedLoaderStub.swift */; };
		B5B0D4C728D5DBD1003C57FE /* XCTestCase+FeedLoader.swift in Sources */ = {isa = PBXBuildFile; fileRef = B5B0D4C628D5DBD1003C57FE /* XCTestCase+FeedLoader.swift */; };
		B5B0D4CB28D5E7EE003C57FE /* FeedLoaderCacheDecorator.swift in Sources */ = {isa = PBXBuildFile; fileRef = B5B0D4CA28D5E7EE003C57FE /* FeedLoaderCacheDecorator.swift */; };
		B5B34D5428D39B2C0095DC6B /* FeedLoaderWithFallbackComposite.swift in Sources */ = {isa = PBXBuildFile; fileRef = B5B34D5328D39B2C0095DC6B /* FeedLoaderWithFallbackComposite.swift */; };
		B5B34D5628D39BE10095DC6B /* FeedImageDataLoaderWithFallbackCompositeTests.swift in Sources */ = {isa = PBXBuildFile; fileRef = B5B34D5528D39BE10095DC6B /* FeedImageDataLoaderWithFallbackCompositeTests.swift */; };
		B5B34D5828D45C7F0095DC6B /* FeedImageDataLoaderWithFallbackComposite.swift in Sources */ = {isa = PBXBuildFile; fileRef = B5B34D5728D45C7F0095DC6B /* FeedImageDataLoaderWithFallbackComposite.swift */; };
		B5B34D5B28D45CF70095DC6B /* XCTestCase+MemoryLeakTracking.swift in Sources */ = {isa = PBXBuildFile; fileRef = B5B34D5A28D45CF70095DC6B /* XCTestCase+MemoryLeakTracking.swift */; };
		B5B34D5D28D45D6B0095DC6B /* SharedTestHelpers.swift in Sources */ = {isa = PBXBuildFile; fileRef = B5B34D5C28D45D6B0095DC6B /* SharedTestHelpers.swift */; };
		B5C811D928DEC15C00A79A4A /* SceneDelegateTests.swift in Sources */ = {isa = PBXBuildFile; fileRef = B5C811D828DEC15C00A79A4A /* SceneDelegateTests.swift */; };
		B5E0983228DA4B00005DBD2F /* EssentialAppUIAcceptanceTests.swift in Sources */ = {isa = PBXBuildFile; fileRef = B5E0983128DA4B00005DBD2F /* EssentialAppUIAcceptanceTests.swift */; };
		B5F7C42728D26DE200E05871 /* FeedLoaderWithFallbackCompositeTests.swift in Sources */ = {isa = PBXBuildFile; fileRef = B5F7C42628D26DE200E05871 /* FeedLoaderWithFallbackCompositeTests.swift */; };
/* End PBXBuildFile section */

/* Begin PBXContainerItemProxy section */
		B596708A28D0FAEF00CFA138 /* PBXContainerItemProxy */ = {
			isa = PBXContainerItemProxy;
			containerPortal = B596706328D0FAD000CFA138 /* Project object */;
			proxyType = 1;
			remoteGlobalIDString = B596706A28D0FAD000CFA138;
			remoteInfo = EssentialApp;
		};
		B5E0983528DA4B00005DBD2F /* PBXContainerItemProxy */ = {
			isa = PBXContainerItemProxy;
			containerPortal = B596706328D0FAD000CFA138 /* Project object */;
			proxyType = 1;
			remoteGlobalIDString = B596706A28D0FAD000CFA138;
			remoteInfo = EssentialApp;
		};
/* End PBXContainerItemProxy section */

/* Begin PBXCopyFilesBuildPhase section */
		B596709628D0FBCA00CFA138 /* Embed Frameworks */ = {
			isa = PBXCopyFilesBuildPhase;
			buildActionMask = 2147483647;
			dstPath = "";
			dstSubfolderSpec = 10;
			files = (
				B596709328D0FBCA00CFA138 /* EssentialFeed.framework in Embed Frameworks */,
				B596709528D0FBCA00CFA138 /* EssentialFeediOS.framework in Embed Frameworks */,
			);
			name = "Embed Frameworks";
			runOnlyForDeploymentPostprocessing = 0;
		};
/* End PBXCopyFilesBuildPhase section */

/* Begin PBXFileReference section */
		B52080B628D8BDA6008AFB62 /* XCTestCase+FeedImageDataLoader.swift */ = {isa = PBXFileReference; lastKnownFileType = sourcecode.swift; path = "XCTestCase+FeedImageDataLoader.swift"; sourceTree = "<group>"; };
		B52080BA28D8C738008AFB62 /* FeedImageDataLoaderCacheDecorator.swift */ = {isa = PBXFileReference; lastKnownFileType = sourcecode.swift; path = FeedImageDataLoaderCacheDecorator.swift; sourceTree = "<group>"; };
		B54F601F28D7AC9200E0560F /* FeedImageDataLoaderDecoratorTests.swift */ = {isa = PBXFileReference; lastKnownFileType = sourcecode.swift; path = FeedImageDataLoaderDecoratorTests.swift; sourceTree = "<group>"; };
		B54F602128D7B1B400E0560F /* FeedImageLoaderSpy.swift */ = {isa = PBXFileReference; lastKnownFileType = sourcecode.swift; path = FeedImageLoaderSpy.swift; sourceTree = "<group>"; };
		B596706B28D0FAD000CFA138 /* EssentialApp.app */ = {isa = PBXFileReference; explicitFileType = wrapper.application; includeInIndex = 0; path = EssentialApp.app; sourceTree = BUILT_PRODUCTS_DIR; };
		B596706E28D0FAD000CFA138 /* AppDelegate.swift */ = {isa = PBXFileReference; lastKnownFileType = sourcecode.swift; path = AppDelegate.swift; sourceTree = "<group>"; };
		B596707028D0FAD000CFA138 /* SceneDelegate.swift */ = {isa = PBXFileReference; lastKnownFileType = sourcecode.swift; path = SceneDelegate.swift; sourceTree = "<group>"; };
		B596707228D0FAD000CFA138 /* ViewController.swift */ = {isa = PBXFileReference; lastKnownFileType = sourcecode.swift; path = ViewController.swift; sourceTree = "<group>"; };
		B596707528D0FAD000CFA138 /* Base */ = {isa = PBXFileReference; lastKnownFileType = file.storyboard; name = Base; path = Base.lproj/Main.storyboard; sourceTree = "<group>"; };
		B596707728D0FAD100CFA138 /* Assets.xcassets */ = {isa = PBXFileReference; lastKnownFileType = folder.assetcatalog; path = Assets.xcassets; sourceTree = "<group>"; };
		B596707A28D0FAD100CFA138 /* Base */ = {isa = PBXFileReference; lastKnownFileType = file.storyboard; name = Base; path = Base.lproj/LaunchScreen.storyboard; sourceTree = "<group>"; };
		B596707C28D0FAD100CFA138 /* Info.plist */ = {isa = PBXFileReference; lastKnownFileType = text.plist.xml; path = Info.plist; sourceTree = "<group>"; };
		B596708628D0FAEF00CFA138 /* EssentialAppTests.xctest */ = {isa = PBXFileReference; explicitFileType = wrapper.cfbundle; includeInIndex = 0; path = EssentialAppTests.xctest; sourceTree = BUILT_PRODUCTS_DIR; };
		B596709028D0FBCA00CFA138 /* EssentialFeed.framework */ = {isa = PBXFileReference; explicitFileType = wrapper.framework; path = EssentialFeed.framework; sourceTree = BUILT_PRODUCTS_DIR; };
		B596709128D0FBCA00CFA138 /* EssentialFeediOS.framework */ = {isa = PBXFileReference; explicitFileType = wrapper.framework; path = EssentialFeediOS.framework; sourceTree = BUILT_PRODUCTS_DIR; };
		B5A0346E28DD96AD00A8242C /* DebuggingSceneDelegate.swift */ = {isa = PBXFileReference; lastKnownFileType = sourcecode.swift; path = DebuggingSceneDelegate.swift; sourceTree = "<group>"; };
		B5B0D4C228D5D200003C57FE /* FeedLoaderCacheDecoratorTests.swift */ = {isa = PBXFileReference; lastKnownFileType = sourcecode.swift; path = FeedLoaderCacheDecoratorTests.swift; sourceTree = "<group>"; };
		B5B0D4C428D5DA21003C57FE /* FeedLoaderStub.swift */ = {isa = PBXFileReference; lastKnownFileType = sourcecode.swift; path = FeedLoaderStub.swift; sourceTree = "<group>"; };
		B5B0D4C628D5DBD1003C57FE /* XCTestCase+FeedLoader.swift */ = {isa = PBXFileReference; lastKnownFileType = sourcecode.swift; path = "XCTestCase+FeedLoader.swift"; sourceTree = "<group>"; };
		B5B0D4CA28D5E7EE003C57FE /* FeedLoaderCacheDecorator.swift */ = {isa = PBXFileReference; lastKnownFileType = sourcecode.swift; path = FeedLoaderCacheDecorator.swift; sourceTree = "<group>"; };
		B5B34D5328D39B2C0095DC6B /* FeedLoaderWithFallbackComposite.swift */ = {isa = PBXFileReference; lastKnownFileType = sourcecode.swift; path = FeedLoaderWithFallbackComposite.swift; sourceTree = "<group>"; };
		B5B34D5528D39BE10095DC6B /* FeedImageDataLoaderWithFallbackCompositeTests.swift */ = {isa = PBXFileReference; lastKnownFileType = sourcecode.swift; path = FeedImageDataLoaderWithFallbackCompositeTests.swift; sourceTree = "<group>"; };
		B5B34D5728D45C7F0095DC6B /* FeedImageDataLoaderWithFallbackComposite.swift */ = {isa = PBXFileReference; lastKnownFileType = sourcecode.swift; path = FeedImageDataLoaderWithFallbackComposite.swift; sourceTree = "<group>"; };
		B5B34D5A28D45CF70095DC6B /* XCTestCase+MemoryLeakTracking.swift */ = {isa = PBXFileReference; lastKnownFileType = sourcecode.swift; path = "XCTestCase+MemoryLeakTracking.swift"; sourceTree = "<group>"; };
		B5B34D5C28D45D6B0095DC6B /* SharedTestHelpers.swift */ = {isa = PBXFileReference; lastKnownFileType = sourcecode.swift; path = SharedTestHelpers.swift; sourceTree = "<group>"; };
		B5C811D828DEC15C00A79A4A /* SceneDelegateTests.swift */ = {isa = PBXFileReference; lastKnownFileType = sourcecode.swift; path = SceneDelegateTests.swift; sourceTree = "<group>"; };
		B5E0982F28DA4B00005DBD2F /* EssentialAppUIAcceptanceTests.xctest */ = {isa = PBXFileReference; explicitFileType = wrapper.cfbundle; includeInIndex = 0; path = EssentialAppUIAcceptanceTests.xctest; sourceTree = BUILT_PRODUCTS_DIR; };
		B5E0983128DA4B00005DBD2F /* EssentialAppUIAcceptanceTests.swift */ = {isa = PBXFileReference; lastKnownFileType = sourcecode.swift; path = EssentialAppUIAcceptanceTests.swift; sourceTree = "<group>"; };
		B5F7C42628D26DE200E05871 /* FeedLoaderWithFallbackCompositeTests.swift */ = {isa = PBXFileReference; lastKnownFileType = sourcecode.swift; path = FeedLoaderWithFallbackCompositeTests.swift; sourceTree = "<group>"; };
/* End PBXFileReference section */

/* Begin PBXFrameworksBuildPhase section */
		B596706828D0FAD000CFA138 /* Frameworks */ = {
			isa = PBXFrameworksBuildPhase;
			buildActionMask = 2147483647;
			files = (
				B596709228D0FBCA00CFA138 /* EssentialFeed.framework in Frameworks */,
				B596709428D0FBCA00CFA138 /* EssentialFeediOS.framework in Frameworks */,
			);
			runOnlyForDeploymentPostprocessing = 0;
		};
		B596708328D0FAEF00CFA138 /* Frameworks */ = {
			isa = PBXFrameworksBuildPhase;
			buildActionMask = 2147483647;
			files = (
			);
			runOnlyForDeploymentPostprocessing = 0;
		};
		B5E0982C28DA4B00005DBD2F /* Frameworks */ = {
			isa = PBXFrameworksBuildPhase;
			buildActionMask = 2147483647;
			files = (
			);
			runOnlyForDeploymentPostprocessing = 0;
		};
/* End PBXFrameworksBuildPhase section */

/* Begin PBXGroup section */
		B596706228D0FAD000CFA138 = {
			isa = PBXGroup;
			children = (
				B596706D28D0FAD000CFA138 /* EssentialApp */,
				B596708728D0FAEF00CFA138 /* EssentialAppTests */,
				B5E0983028DA4B00005DBD2F /* EssentialAppUIAcceptanceTests */,
				B596706C28D0FAD000CFA138 /* Products */,
				B596708F28D0FBCA00CFA138 /* Frameworks */,
			);
			sourceTree = "<group>";
		};
		B596706C28D0FAD000CFA138 /* Products */ = {
			isa = PBXGroup;
			children = (
				B596706B28D0FAD000CFA138 /* EssentialApp.app */,
				B596708628D0FAEF00CFA138 /* EssentialAppTests.xctest */,
				B5E0982F28DA4B00005DBD2F /* EssentialAppUIAcceptanceTests.xctest */,
			);
			name = Products;
			sourceTree = "<group>";
		};
		B596706D28D0FAD000CFA138 /* EssentialApp */ = {
			isa = PBXGroup;
			children = (
				B596706E28D0FAD000CFA138 /* AppDelegate.swift */,
				B5A0346E28DD96AD00A8242C /* DebuggingSceneDelegate.swift */,
				B596707028D0FAD000CFA138 /* SceneDelegate.swift */,
				B596707228D0FAD000CFA138 /* ViewController.swift */,
				B596707428D0FAD000CFA138 /* Main.storyboard */,
				B596707728D0FAD100CFA138 /* Assets.xcassets */,
				B596707928D0FAD100CFA138 /* LaunchScreen.storyboard */,
				B596707C28D0FAD100CFA138 /* Info.plist */,
				B5B34D5328D39B2C0095DC6B /* FeedLoaderWithFallbackComposite.swift */,
				B5B34D5728D45C7F0095DC6B /* FeedImageDataLoaderWithFallbackComposite.swift */,
				B5B0D4CA28D5E7EE003C57FE /* FeedLoaderCacheDecorator.swift */,
				B52080BA28D8C738008AFB62 /* FeedImageDataLoaderCacheDecorator.swift */,
			);
			path = EssentialApp;
			sourceTree = "<group>";
		};
		B596708728D0FAEF00CFA138 /* EssentialAppTests */ = {
			isa = PBXGroup;
			children = (
				B5B34D5928D45CDD0095DC6B /* Helpers */,
				B5F7C42628D26DE200E05871 /* FeedLoaderWithFallbackCompositeTests.swift */,
				B5B34D5528D39BE10095DC6B /* FeedImageDataLoaderWithFallbackCompositeTests.swift */,
				B5B0D4C228D5D200003C57FE /* FeedLoaderCacheDecoratorTests.swift */,
				B54F601F28D7AC9200E0560F /* FeedImageDataLoaderDecoratorTests.swift */,
				B5C811D828DEC15C00A79A4A /* SceneDelegateTests.swift */,
			);
			path = EssentialAppTests;
			sourceTree = "<group>";
		};
		B596708F28D0FBCA00CFA138 /* Frameworks */ = {
			isa = PBXGroup;
			children = (
				B596709028D0FBCA00CFA138 /* EssentialFeed.framework */,
				B596709128D0FBCA00CFA138 /* EssentialFeediOS.framework */,
			);
			name = Frameworks;
			sourceTree = "<group>";
		};
		B5B34D5928D45CDD0095DC6B /* Helpers */ = {
			isa = PBXGroup;
			children = (
				B52080B628D8BDA6008AFB62 /* XCTestCase+FeedImageDataLoader.swift */,
				B5B0D4C628D5DBD1003C57FE /* XCTestCase+FeedLoader.swift */,
				B5B34D5A28D45CF70095DC6B /* XCTestCase+MemoryLeakTracking.swift */,
				B5B34D5C28D45D6B0095DC6B /* SharedTestHelpers.swift */,
				B5B0D4C428D5DA21003C57FE /* FeedLoaderStub.swift */,
				B54F602128D7B1B400E0560F /* FeedImageLoaderSpy.swift */,
			);
			path = Helpers;
			sourceTree = "<group>";
		};
		B5E0983028DA4B00005DBD2F /* EssentialAppUIAcceptanceTests */ = {
			isa = PBXGroup;
			children = (
				B5E0983128DA4B00005DBD2F /* EssentialAppUIAcceptanceTests.swift */,
			);
			path = EssentialAppUIAcceptanceTests;
			sourceTree = "<group>";
		};
/* End PBXGroup section */

/* Begin PBXNativeTarget section */
		B596706A28D0FAD000CFA138 /* EssentialApp */ = {
			isa = PBXNativeTarget;
			buildConfigurationList = B596707F28D0FAD100CFA138 /* Build configuration list for PBXNativeTarget "EssentialApp" */;
			buildPhases = (
				B596706728D0FAD000CFA138 /* Sources */,
				B596706828D0FAD000CFA138 /* Frameworks */,
				B596706928D0FAD000CFA138 /* Resources */,
				B596709628D0FBCA00CFA138 /* Embed Frameworks */,
			);
			buildRules = (
			);
			dependencies = (
			);
			name = EssentialApp;
			productName = EssentialApp;
			productReference = B596706B28D0FAD000CFA138 /* EssentialApp.app */;
			productType = "com.apple.product-type.application";
		};
		B596708528D0FAEF00CFA138 /* EssentialAppTests */ = {
			isa = PBXNativeTarget;
			buildConfigurationList = B596708C28D0FAEF00CFA138 /* Build configuration list for PBXNativeTarget "EssentialAppTests" */;
			buildPhases = (
				B596708228D0FAEF00CFA138 /* Sources */,
				B596708328D0FAEF00CFA138 /* Frameworks */,
				B596708428D0FAEF00CFA138 /* Resources */,
			);
			buildRules = (
			);
			dependencies = (
				B596708B28D0FAEF00CFA138 /* PBXTargetDependency */,
			);
			name = EssentialAppTests;
			productName = EssentialAppTests;
			productReference = B596708628D0FAEF00CFA138 /* EssentialAppTests.xctest */;
			productType = "com.apple.product-type.bundle.unit-test";
		};
		B5E0982E28DA4B00005DBD2F /* EssentialAppUIAcceptanceTests */ = {
			isa = PBXNativeTarget;
			buildConfigurationList = B5E0983928DA4B00005DBD2F /* Build configuration list for PBXNativeTarget "EssentialAppUIAcceptanceTests" */;
			buildPhases = (
				B5E0982B28DA4B00005DBD2F /* Sources */,
				B5E0982C28DA4B00005DBD2F /* Frameworks */,
				B5E0982D28DA4B00005DBD2F /* Resources */,
			);
			buildRules = (
			);
			dependencies = (
				B5E0983628DA4B00005DBD2F /* PBXTargetDependency */,
			);
			name = EssentialAppUIAcceptanceTests;
			productName = EssentialAppUIAcceptanceTests;
			productReference = B5E0982F28DA4B00005DBD2F /* EssentialAppUIAcceptanceTests.xctest */;
			productType = "com.apple.product-type.bundle.ui-testing";
		};
/* End PBXNativeTarget section */

/* Begin PBXProject section */
		B596706328D0FAD000CFA138 /* Project object */ = {
			isa = PBXProject;
			attributes = {
				BuildIndependentTargetsInParallel = 1;
				LastSwiftUpdateCheck = 1400;
				LastUpgradeCheck = 1340;
				TargetAttributes = {
					B596706A28D0FAD000CFA138 = {
						CreatedOnToolsVersion = 13.4.1;
					};
					B596708528D0FAEF00CFA138 = {
						CreatedOnToolsVersion = 13.4.1;
						LastSwiftMigration = 1400;
						TestTargetID = B596706A28D0FAD000CFA138;
					};
					B5E0982E28DA4B00005DBD2F = {
						CreatedOnToolsVersion = 14.0;
						TestTargetID = B596706A28D0FAD000CFA138;
					};
				};
			};
			buildConfigurationList = B596706628D0FAD000CFA138 /* Build configuration list for PBXProject "EssentialApp" */;
			compatibilityVersion = "Xcode 13.0";
			developmentRegion = en;
			hasScannedForEncodings = 0;
			knownRegions = (
				en,
				Base,
			);
			mainGroup = B596706228D0FAD000CFA138;
			productRefGroup = B596706C28D0FAD000CFA138 /* Products */;
			projectDirPath = "";
			projectRoot = "";
			targets = (
				B596706A28D0FAD000CFA138 /* EssentialApp */,
				B596708528D0FAEF00CFA138 /* EssentialAppTests */,
				B5E0982E28DA4B00005DBD2F /* EssentialAppUIAcceptanceTests */,
			);
		};
/* End PBXProject section */

/* Begin PBXResourcesBuildPhase section */
		B596706928D0FAD000CFA138 /* Resources */ = {
			isa = PBXResourcesBuildPhase;
			buildActionMask = 2147483647;
			files = (
				B596707B28D0FAD100CFA138 /* LaunchScreen.storyboard in Resources */,
				B596707828D0FAD100CFA138 /* Assets.xcassets in Resources */,
				B596707628D0FAD000CFA138 /* Main.storyboard in Resources */,
			);
			runOnlyForDeploymentPostprocessing = 0;
		};
		B596708428D0FAEF00CFA138 /* Resources */ = {
			isa = PBXResourcesBuildPhase;
			buildActionMask = 2147483647;
			files = (
			);
			runOnlyForDeploymentPostprocessing = 0;
		};
		B5E0982D28DA4B00005DBD2F /* Resources */ = {
			isa = PBXResourcesBuildPhase;
			buildActionMask = 2147483647;
			files = (
			);
			runOnlyForDeploymentPostprocessing = 0;
		};
/* End PBXResourcesBuildPhase section */

/* Begin PBXSourcesBuildPhase section */
		B596706728D0FAD000CFA138 /* Sources */ = {
			isa = PBXSourcesBuildPhase;
			buildActionMask = 2147483647;
			files = (
				B596707328D0FAD000CFA138 /* ViewController.swift in Sources */,
				B596706F28D0FAD000CFA138 /* AppDelegate.swift in Sources */,
				B5B34D5428D39B2C0095DC6B /* FeedLoaderWithFallbackComposite.swift in Sources */,
				B5B0D4CB28D5E7EE003C57FE /* FeedLoaderCacheDecorator.swift in Sources */,
				B5A0346F28DD96AD00A8242C /* DebuggingSceneDelegate.swift in Sources */,
				B596707128D0FAD000CFA138 /* SceneDelegate.swift in Sources */,
				B5B34D5828D45C7F0095DC6B /* FeedImageDataLoaderWithFallbackComposite.swift in Sources */,
				B52080BB28D8C738008AFB62 /* FeedImageDataLoaderCacheDecorator.swift in Sources */,
			);
			runOnlyForDeploymentPostprocessing = 0;
		};
		B596708228D0FAEF00CFA138 /* Sources */ = {
			isa = PBXSourcesBuildPhase;
			buildActionMask = 2147483647;
			files = (
				B54F602028D7AC9200E0560F /* FeedImageDataLoaderDecoratorTests.swift in Sources */,
				B54F602228D7B1B400E0560F /* FeedImageLoaderSpy.swift in Sources */,
				B5B34D5D28D45D6B0095DC6B /* SharedTestHelpers.swift in Sources */,
				B52080B728D8BDA6008AFB62 /* XCTestCase+FeedImageDataLoader.swift in Sources */,
				B5C811D928DEC15C00A79A4A /* SceneDelegateTests.swift in Sources */,
				B5B0D4C728D5DBD1003C57FE /* XCTestCase+FeedLoader.swift in Sources */,
				B5B0D4C328D5D200003C57FE /* FeedLoaderCacheDecoratorTests.swift in Sources */,
				B5B34D5628D39BE10095DC6B /* FeedImageDataLoaderWithFallbackCompositeTests.swift in Sources */,
				B5F7C42728D26DE200E05871 /* FeedLoaderWithFallbackCompositeTests.swift in Sources */,
				B5B0D4C528D5DA21003C57FE /* FeedLoaderStub.swift in Sources */,
				B5B34D5B28D45CF70095DC6B /* XCTestCase+MemoryLeakTracking.swift in Sources */,
			);
			runOnlyForDeploymentPostprocessing = 0;
		};
		B5E0982B28DA4B00005DBD2F /* Sources */ = {
			isa = PBXSourcesBuildPhase;
			buildActionMask = 2147483647;
			files = (
				B5E0983228DA4B00005DBD2F /* EssentialAppUIAcceptanceTests.swift in Sources */,
			);
			runOnlyForDeploymentPostprocessing = 0;
		};
/* End PBXSourcesBuildPhase section */

/* Begin PBXTargetDependency section */
		B596708B28D0FAEF00CFA138 /* PBXTargetDependency */ = {
			isa = PBXTargetDependency;
			target = B596706A28D0FAD000CFA138 /* EssentialApp */;
			targetProxy = B596708A28D0FAEF00CFA138 /* PBXContainerItemProxy */;
		};
		B5E0983628DA4B00005DBD2F /* PBXTargetDependency */ = {
			isa = PBXTargetDependency;
			target = B596706A28D0FAD000CFA138 /* EssentialApp */;
			targetProxy = B5E0983528DA4B00005DBD2F /* PBXContainerItemProxy */;
		};
/* End PBXTargetDependency section */

/* Begin PBXVariantGroup section */
		B596707428D0FAD000CFA138 /* Main.storyboard */ = {
			isa = PBXVariantGroup;
			children = (
				B596707528D0FAD000CFA138 /* Base */,
			);
			name = Main.storyboard;
			sourceTree = "<group>";
		};
		B596707928D0FAD100CFA138 /* LaunchScreen.storyboard */ = {
			isa = PBXVariantGroup;
			children = (
				B596707A28D0FAD100CFA138 /* Base */,
			);
			name = LaunchScreen.storyboard;
			sourceTree = "<group>";
		};
/* End PBXVariantGroup section */

/* Begin XCBuildConfiguration section */
		B596707D28D0FAD100CFA138 /* Debug */ = {
			isa = XCBuildConfiguration;
			buildSettings = {
				ALWAYS_SEARCH_USER_PATHS = NO;
				CLANG_ANALYZER_NONNULL = YES;
				CLANG_ANALYZER_NUMBER_OBJECT_CONVERSION = YES_AGGRESSIVE;
				CLANG_CXX_LANGUAGE_STANDARD = "gnu++17";
				CLANG_ENABLE_MODULES = YES;
				CLANG_ENABLE_OBJC_ARC = YES;
				CLANG_ENABLE_OBJC_WEAK = YES;
				CLANG_WARN_BLOCK_CAPTURE_AUTORELEASING = YES;
				CLANG_WARN_BOOL_CONVERSION = YES;
				CLANG_WARN_COMMA = YES;
				CLANG_WARN_CONSTANT_CONVERSION = YES;
				CLANG_WARN_DEPRECATED_OBJC_IMPLEMENTATIONS = YES;
				CLANG_WARN_DIRECT_OBJC_ISA_USAGE = YES_ERROR;
				CLANG_WARN_DOCUMENTATION_COMMENTS = YES;
				CLANG_WARN_EMPTY_BODY = YES;
				CLANG_WARN_ENUM_CONVERSION = YES;
				CLANG_WARN_INFINITE_RECURSION = YES;
				CLANG_WARN_INT_CONVERSION = YES;
				CLANG_WARN_NON_LITERAL_NULL_CONVERSION = YES;
				CLANG_WARN_OBJC_IMPLICIT_RETAIN_SELF = YES;
				CLANG_WARN_OBJC_LITERAL_CONVERSION = YES;
				CLANG_WARN_OBJC_ROOT_CLASS = YES_ERROR;
				CLANG_WARN_QUOTED_INCLUDE_IN_FRAMEWORK_HEADER = YES;
				CLANG_WARN_RANGE_LOOP_ANALYSIS = YES;
				CLANG_WARN_STRICT_PROTOTYPES = YES;
				CLANG_WARN_SUSPICIOUS_MOVE = YES;
				CLANG_WARN_UNGUARDED_AVAILABILITY = YES_AGGRESSIVE;
				CLANG_WARN_UNREACHABLE_CODE = YES;
				CLANG_WARN__DUPLICATE_METHOD_MATCH = YES;
				COPY_PHASE_STRIP = NO;
				DEBUG_INFORMATION_FORMAT = dwarf;
				ENABLE_STRICT_OBJC_MSGSEND = YES;
				ENABLE_TESTABILITY = YES;
				GCC_C_LANGUAGE_STANDARD = gnu11;
				GCC_DYNAMIC_NO_PIC = NO;
				GCC_NO_COMMON_BLOCKS = YES;
				GCC_OPTIMIZATION_LEVEL = 0;
				GCC_PREPROCESSOR_DEFINITIONS = (
					"DEBUG=1",
					"$(inherited)",
				);
				GCC_WARN_64_TO_32_BIT_CONVERSION = YES;
				GCC_WARN_ABOUT_RETURN_TYPE = YES_ERROR;
				GCC_WARN_UNDECLARED_SELECTOR = YES;
				GCC_WARN_UNINITIALIZED_AUTOS = YES_AGGRESSIVE;
				GCC_WARN_UNUSED_FUNCTION = YES;
				GCC_WARN_UNUSED_VARIABLE = YES;
				IPHONEOS_DEPLOYMENT_TARGET = 15.5;
				MTL_ENABLE_DEBUG_INFO = INCLUDE_SOURCE;
				MTL_FAST_MATH = YES;
				ONLY_ACTIVE_ARCH = YES;
				SDKROOT = iphoneos;
				SWIFT_ACTIVE_COMPILATION_CONDITIONS = DEBUG;
				SWIFT_OPTIMIZATION_LEVEL = "-Onone";
			};
			name = Debug;
		};
		B596707E28D0FAD100CFA138 /* Release */ = {
			isa = XCBuildConfiguration;
			buildSettings = {
				ALWAYS_SEARCH_USER_PATHS = NO;
				CLANG_ANALYZER_NONNULL = YES;
				CLANG_ANALYZER_NUMBER_OBJECT_CONVERSION = YES_AGGRESSIVE;
				CLANG_CXX_LANGUAGE_STANDARD = "gnu++17";
				CLANG_ENABLE_MODULES = YES;
				CLANG_ENABLE_OBJC_ARC = YES;
				CLANG_ENABLE_OBJC_WEAK = YES;
				CLANG_WARN_BLOCK_CAPTURE_AUTORELEASING = YES;
				CLANG_WARN_BOOL_CONVERSION = YES;
				CLANG_WARN_COMMA = YES;
				CLANG_WARN_CONSTANT_CONVERSION = YES;
				CLANG_WARN_DEPRECATED_OBJC_IMPLEMENTATIONS = YES;
				CLANG_WARN_DIRECT_OBJC_ISA_USAGE = YES_ERROR;
				CLANG_WARN_DOCUMENTATION_COMMENTS = YES;
				CLANG_WARN_EMPTY_BODY = YES;
				CLANG_WARN_ENUM_CONVERSION = YES;
				CLANG_WARN_INFINITE_RECURSION = YES;
				CLANG_WARN_INT_CONVERSION = YES;
				CLANG_WARN_NON_LITERAL_NULL_CONVERSION = YES;
				CLANG_WARN_OBJC_IMPLICIT_RETAIN_SELF = YES;
				CLANG_WARN_OBJC_LITERAL_CONVERSION = YES;
				CLANG_WARN_OBJC_ROOT_CLASS = YES_ERROR;
				CLANG_WARN_QUOTED_INCLUDE_IN_FRAMEWORK_HEADER = YES;
				CLANG_WARN_RANGE_LOOP_ANALYSIS = YES;
				CLANG_WARN_STRICT_PROTOTYPES = YES;
				CLANG_WARN_SUSPICIOUS_MOVE = YES;
				CLANG_WARN_UNGUARDED_AVAILABILITY = YES_AGGRESSIVE;
				CLANG_WARN_UNREACHABLE_CODE = YES;
				CLANG_WARN__DUPLICATE_METHOD_MATCH = YES;
				COPY_PHASE_STRIP = NO;
				DEBUG_INFORMATION_FORMAT = "dwarf-with-dsym";
				ENABLE_NS_ASSERTIONS = NO;
				ENABLE_STRICT_OBJC_MSGSEND = YES;
				GCC_C_LANGUAGE_STANDARD = gnu11;
				GCC_NO_COMMON_BLOCKS = YES;
				GCC_WARN_64_TO_32_BIT_CONVERSION = YES;
				GCC_WARN_ABOUT_RETURN_TYPE = YES_ERROR;
				GCC_WARN_UNDECLARED_SELECTOR = YES;
				GCC_WARN_UNINITIALIZED_AUTOS = YES_AGGRESSIVE;
				GCC_WARN_UNUSED_FUNCTION = YES;
				GCC_WARN_UNUSED_VARIABLE = YES;
				IPHONEOS_DEPLOYMENT_TARGET = 15.5;
				MTL_ENABLE_DEBUG_INFO = NO;
				MTL_FAST_MATH = YES;
				SDKROOT = iphoneos;
				SWIFT_COMPILATION_MODE = wholemodule;
				SWIFT_OPTIMIZATION_LEVEL = "-O";
				VALIDATE_PRODUCT = YES;
			};
			name = Release;
		};
		B596708028D0FAD100CFA138 /* Debug */ = {
			isa = XCBuildConfiguration;
			buildSettings = {
				ASSETCATALOG_COMPILER_APPICON_NAME = AppIcon;
				ASSETCATALOG_COMPILER_GLOBAL_ACCENT_COLOR_NAME = AccentColor;
				CODE_SIGN_STYLE = Automatic;
				CURRENT_PROJECT_VERSION = 1;
				DEVELOPMENT_TEAM = GK4GDX3M3T;
				GENERATE_INFOPLIST_FILE = YES;
				INFOPLIST_FILE = EssentialApp/Info.plist;
				INFOPLIST_KEY_UIApplicationSupportsIndirectInputEvents = YES;
				INFOPLIST_KEY_UILaunchStoryboardName = LaunchScreen;
				INFOPLIST_KEY_UIMainStoryboardFile = Main;
				INFOPLIST_KEY_UISupportedInterfaceOrientations_iPad = "UIInterfaceOrientationPortrait UIInterfaceOrientationPortraitUpsideDown UIInterfaceOrientationLandscapeLeft UIInterfaceOrientationLandscapeRight";
				INFOPLIST_KEY_UISupportedInterfaceOrientations_iPhone = "UIInterfaceOrientationPortrait UIInterfaceOrientationLandscapeLeft UIInterfaceOrientationLandscapeRight";
				LD_RUNPATH_SEARCH_PATHS = (
					"$(inherited)",
					"@executable_path/Frameworks",
				);
				MARKETING_VERSION = 1.0;
				PRODUCT_BUNDLE_IDENTIFIER = com.mif50.EssentialApp;
				PRODUCT_NAME = "$(TARGET_NAME)";
				SWIFT_EMIT_LOC_STRINGS = YES;
				SWIFT_VERSION = 5.0;
				TARGETED_DEVICE_FAMILY = "1,2";
			};
			name = Debug;
		};
		B596708128D0FAD100CFA138 /* Release */ = {
			isa = XCBuildConfiguration;
			buildSettings = {
				ASSETCATALOG_COMPILER_APPICON_NAME = AppIcon;
				ASSETCATALOG_COMPILER_GLOBAL_ACCENT_COLOR_NAME = AccentColor;
				CODE_SIGN_STYLE = Automatic;
				CURRENT_PROJECT_VERSION = 1;
				DEVELOPMENT_TEAM = GK4GDX3M3T;
				GENERATE_INFOPLIST_FILE = YES;
				INFOPLIST_FILE = EssentialApp/Info.plist;
				INFOPLIST_KEY_UIApplicationSupportsIndirectInputEvents = YES;
				INFOPLIST_KEY_UILaunchStoryboardName = LaunchScreen;
				INFOPLIST_KEY_UIMainStoryboardFile = Main;
				INFOPLIST_KEY_UISupportedInterfaceOrientations_iPad = "UIInterfaceOrientationPortrait UIInterfaceOrientationPortraitUpsideDown UIInterfaceOrientationLandscapeLeft UIInterfaceOrientationLandscapeRight";
				INFOPLIST_KEY_UISupportedInterfaceOrientations_iPhone = "UIInterfaceOrientationPortrait UIInterfaceOrientationLandscapeLeft UIInterfaceOrientationLandscapeRight";
				LD_RUNPATH_SEARCH_PATHS = (
					"$(inherited)",
					"@executable_path/Frameworks",
				);
				MARKETING_VERSION = 1.0;
				PRODUCT_BUNDLE_IDENTIFIER = com.mif50.EssentialApp;
				PRODUCT_NAME = "$(TARGET_NAME)";
				SWIFT_EMIT_LOC_STRINGS = YES;
				SWIFT_VERSION = 5.0;
				TARGETED_DEVICE_FAMILY = "1,2";
			};
			name = Release;
		};
		B596708D28D0FAEF00CFA138 /* Debug */ = {
			isa = XCBuildConfiguration;
			buildSettings = {
				BUNDLE_LOADER = "$(TEST_HOST)";
				CLANG_ENABLE_MODULES = YES;
				CODE_SIGN_STYLE = Automatic;
				CURRENT_PROJECT_VERSION = 1;
				DEVELOPMENT_TEAM = GK4GDX3M3T;
				GENERATE_INFOPLIST_FILE = YES;
				LD_RUNPATH_SEARCH_PATHS = (
					"$(inherited)",
					"@executable_path/Frameworks",
					"@loader_path/Frameworks",
				);
				MARKETING_VERSION = 1.0;
				PRODUCT_BUNDLE_IDENTIFIER = com.mif50.EssentialAppTests;
				PRODUCT_NAME = "$(TARGET_NAME)";
				SWIFT_EMIT_LOC_STRINGS = NO;
				SWIFT_OPTIMIZATION_LEVEL = "-Onone";
				SWIFT_VERSION = 5.0;
				TARGETED_DEVICE_FAMILY = "1,2";
				TEST_HOST = "$(BUILT_PRODUCTS_DIR)/EssentialApp.app/EssentialApp";
			};
			name = Debug;
		};
		B596708E28D0FAEF00CFA138 /* Release */ = {
			isa = XCBuildConfiguration;
			buildSettings = {
				BUNDLE_LOADER = "$(TEST_HOST)";
				CLANG_ENABLE_MODULES = YES;
				CODE_SIGN_STYLE = Automatic;
				CURRENT_PROJECT_VERSION = 1;
				DEVELOPMENT_TEAM = GK4GDX3M3T;
				GENERATE_INFOPLIST_FILE = YES;
				LD_RUNPATH_SEARCH_PATHS = (
					"$(inherited)",
					"@executable_path/Frameworks",
					"@loader_path/Frameworks",
				);
				MARKETING_VERSION = 1.0;
				PRODUCT_BUNDLE_IDENTIFIER = com.mif50.EssentialAppTests;
				PRODUCT_NAME = "$(TARGET_NAME)";
				SWIFT_EMIT_LOC_STRINGS = NO;
				SWIFT_VERSION = 5.0;
				TARGETED_DEVICE_FAMILY = "1,2";
				TEST_HOST = "$(BUILT_PRODUCTS_DIR)/EssentialApp.app/EssentialApp";
			};
			name = Release;
		};
		B5E0983728DA4B00005DBD2F /* Debug */ = {
			isa = XCBuildConfiguration;
			buildSettings = {
				CLANG_CXX_LANGUAGE_STANDARD = "gnu++20";
				CODE_SIGN_STYLE = Automatic;
				CURRENT_PROJECT_VERSION = 1;
				DEVELOPMENT_TEAM = GK4GDX3M3T;
				GENERATE_INFOPLIST_FILE = YES;
				IPHONEOS_DEPLOYMENT_TARGET = 16.0;
				MARKETING_VERSION = 1.0;
				PRODUCT_BUNDLE_IDENTIFIER = com.mif50.EssentialAppUIAcceptanceTests;
				PRODUCT_NAME = "$(TARGET_NAME)";
				SWIFT_EMIT_LOC_STRINGS = NO;
				SWIFT_VERSION = 5.0;
				TARGETED_DEVICE_FAMILY = "1,2";
				TEST_TARGET_NAME = EssentialApp;
			};
			name = Debug;
		};
		B5E0983828DA4B00005DBD2F /* Release */ = {
			isa = XCBuildConfiguration;
			buildSettings = {
				CLANG_CXX_LANGUAGE_STANDARD = "gnu++20";
				CODE_SIGN_STYLE = Automatic;
				CURRENT_PROJECT_VERSION = 1;
				DEVELOPMENT_TEAM = GK4GDX3M3T;
				GENERATE_INFOPLIST_FILE = YES;
				IPHONEOS_DEPLOYMENT_TARGET = 16.0;
				MARKETING_VERSION = 1.0;
				PRODUCT_BUNDLE_IDENTIFIER = com.mif50.EssentialAppUIAcceptanceTests;
				PRODUCT_NAME = "$(TARGET_NAME)";
				SWIFT_EMIT_LOC_STRINGS = NO;
				SWIFT_VERSION = 5.0;
				TARGETED_DEVICE_FAMILY = "1,2";
				TEST_TARGET_NAME = EssentialApp;
			};
			name = Release;
		};
/* End XCBuildConfiguration section */

/* Begin XCConfigurationList section */
		B596706628D0FAD000CFA138 /* Build configuration list for PBXProject "EssentialApp" */ = {
			isa = XCConfigurationList;
			buildConfigurations = (
				B596707D28D0FAD100CFA138 /* Debug */,
				B596707E28D0FAD100CFA138 /* Release */,
			);
			defaultConfigurationIsVisible = 0;
			defaultConfigurationName = Release;
		};
		B596707F28D0FAD100CFA138 /* Build configuration list for PBXNativeTarget "EssentialApp" */ = {
			isa = XCConfigurationList;
			buildConfigurations = (
				B596708028D0FAD100CFA138 /* Debug */,
				B596708128D0FAD100CFA138 /* Release */,
			);
			defaultConfigurationIsVisible = 0;
			defaultConfigurationName = Release;
		};
		B596708C28D0FAEF00CFA138 /* Build configuration list for PBXNativeTarget "EssentialAppTests" */ = {
			isa = XCConfigurationList;
			buildConfigurations = (
				B596708D28D0FAEF00CFA138 /* Debug */,
				B596708E28D0FAEF00CFA138 /* Release */,
			);
			defaultConfigurationIsVisible = 0;
			defaultConfigurationName = Release;
		};
		B5E0983928DA4B00005DBD2F /* Build configuration list for PBXNativeTarget "EssentialAppUIAcceptanceTests" */ = {
			isa = XCConfigurationList;
			buildConfigurations = (
				B5E0983728DA4B00005DBD2F /* Debug */,
				B5E0983828DA4B00005DBD2F /* Release */,
			);
			defaultConfigurationIsVisible = 0;
			defaultConfigurationName = Release;
		};
/* End XCConfigurationList section */
	};
	rootObject = B596706328D0FAD000CFA138 /* Project object */;
}
